// !$*UTF8*$!
{
	archiveVersion = 1;
	classes = {
	};
	objectVersion = 56;
	objects = {

/* Begin PBXBuildFile section */
		04A459592CF56D40006ACC07 /* XXXCollectionViewCell.xib in Resources */ = {isa = PBXBuildFile; fileRef = 04A459582CF56D40006ACC07 /* XXXCollectionViewCell.xib */; };
		04A4595A2CF56D40006ACC07 /* XXXCollectionViewCell.swift in Sources */ = {isa = PBXBuildFile; fileRef = 04A459572CF56D40006ACC07 /* XXXCollectionViewCell.swift */; };
		04A4595D2CF57BE6006ACC07 /* XXXXViewController.swift in Sources */ = {isa = PBXBuildFile; fileRef = 04A4595B2CF57BE6006ACC07 /* XXXXViewController.swift */; };
		04A4595E2CF57BE6006ACC07 /* XXXXViewController.xib in Resources */ = {isa = PBXBuildFile; fileRef = 04A4595C2CF57BE6006ACC07 /* XXXXViewController.xib */; };
		04A459622CF57C56006ACC07 /* tu1.png in Resources */ = {isa = PBXBuildFile; fileRef = 04A4595F2CF57C55006ACC07 /* tu1.png */; };
		04A459632CF57C56006ACC07 /* logo.png in Resources */ = {isa = PBXBuildFile; fileRef = 04A459602CF57C56006ACC07 /* logo.png */; };
		04A459642CF57C56006ACC07 /* tu2.png in Resources */ = {isa = PBXBuildFile; fileRef = 04A459612CF57C56006ACC07 /* tu2.png */; };
		04A518AC2CF4778100365D71 /* AppDelegate.swift in Sources */ = {isa = PBXBuildFile; fileRef = 04A518AB2CF4778100365D71 /* AppDelegate.swift */; };
		04A518AE2CF4778200365D71 /* SceneDelegate.swift in Sources */ = {isa = PBXBuildFile; fileRef = 04A518AD2CF4778200365D71 /* SceneDelegate.swift */; };
		04A518B02CF4778200365D71 /* ViewController.swift in Sources */ = {isa = PBXBuildFile; fileRef = 04A518AF2CF4778200365D71 /* ViewController.swift */; };
		04A518B32CF4778200365D71 /* Base in Resources */ = {isa = PBXBuildFile; fileRef = 04A518B22CF4778200365D71 /* Base */; };
		04A518B52CF4778400365D71 /* Assets.xcassets in Resources */ = {isa = PBXBuildFile; fileRef = 04A518B42CF4778400365D71 /* Assets.xcassets */; };
		04A518B82CF4778400365D71 /* Base in Resources */ = {isa = PBXBuildFile; fileRef = 04A518B72CF4778400365D71 /* Base */; };
		04A518C32CF4778400365D71 /* FindDifTests.swift in Sources */ = {isa = PBXBuildFile; fileRef = 04A518C22CF4778400365D71 /* FindDifTests.swift */; };
		04A518CD2CF4778400365D71 /* FindDifUITests.swift in Sources */ = {isa = PBXBuildFile; fileRef = 04A518CC2CF4778400365D71 /* FindDifUITests.swift */; };
		04A518CF2CF4778400365D71 /* FindDifUITestsLaunchTests.swift in Sources */ = {isa = PBXBuildFile; fileRef = 04A518CE2CF4778400365D71 /* FindDifUITestsLaunchTests.swift */; };
		04A518DC2CF477B100365D71 /* FirstViewController.swift in Sources */ = {isa = PBXBuildFile; fileRef = 04A518DB2CF477B100365D71 /* FirstViewController.swift */; };
		53CC384BE1D958DE24EE8E6F /* Pods_FindDif.framework in Frameworks */ = {isa = PBXBuildFile; fileRef = 5EBF329B7CDC76E630F2E157 /* Pods_FindDif.framework */; };
/* End PBXBuildFile section */

/* Begin PBXContainerItemProxy section */
		04A518BF2CF4778400365D71 /* PBXContainerItemProxy */ = {
			isa = PBXContainerItemProxy;
			containerPortal = 04A518A02CF4778100365D71 /* Project object */;
			proxyType = 1;
			remoteGlobalIDString = 04A518A72CF4778100365D71;
			remoteInfo = FindDif;
		};
		04A518C92CF4778400365D71 /* PBXContainerItemProxy */ = {
			isa = PBXContainerItemProxy;
			containerPortal = 04A518A02CF4778100365D71 /* Project object */;
			proxyType = 1;
			remoteGlobalIDString = 04A518A72CF4778100365D71;
			remoteInfo = FindDif;
		};
/* End PBXContainerItemProxy section */

/* Begin PBXFileReference section */
		04A459572CF56D40006ACC07 /* XXXCollectionViewCell.swift */ = {isa = PBXFileReference; lastKnownFileType = sourcecode.swift; path = XXXCollectionViewCell.swift; sourceTree = "<group>"; };
		04A459582CF56D40006ACC07 /* XXXCollectionViewCell.xib */ = {isa = PBXFileReference; lastKnownFileType = file.xib; path = XXXCollectionViewCell.xib; sourceTree = "<group>"; };
		04A4595B2CF57BE6006ACC07 /* XXXXViewController.swift */ = {isa = PBXFileReference; lastKnownFileType = sourcecode.swift; path = XXXXViewController.swift; sourceTree = "<group>"; };
		04A4595C2CF57BE6006ACC07 /* XXXXViewController.xib */ = {isa = PBXFileReference; lastKnownFileType = file.xib; path = XXXXViewController.xib; sourceTree = "<group>"; };
		04A4595F2CF57C55006ACC07 /* tu1.png */ = {isa = PBXFileReference; lastKnownFileType = image.png; path = tu1.png; sourceTree = "<group>"; };
		04A459602CF57C56006ACC07 /* logo.png */ = {isa = PBXFileReference; lastKnownFileType = image.png; path = logo.png; sourceTree = "<group>"; };
		04A459612CF57C56006ACC07 /* tu2.png */ = {isa = PBXFileReference; lastKnownFileType = image.png; path = tu2.png; sourceTree = "<group>"; };
		04A518A82CF4778100365D71 /* FindDif.app */ = {isa = PBXFileReference; explicitFileType = wrapper.application; includeInIndex = 0; path = FindDif.app; sourceTree = BUILT_PRODUCTS_DIR; };
		04A518AB2CF4778100365D71 /* AppDelegate.swift */ = {isa = PBXFileReference; lastKnownFileType = sourcecode.swift; path = AppDelegate.swift; sourceTree = "<group>"; };
		04A518AD2CF4778200365D71 /* SceneDelegate.swift */ = {isa = PBXFileReference; lastKnownFileType = sourcecode.swift; path = SceneDelegate.swift; sourceTree = "<group>"; };
		04A518AF2CF4778200365D71 /* ViewController.swift */ = {isa = PBXFileReference; lastKnownFileType = sourcecode.swift; path = ViewController.swift; sourceTree = "<group>"; };
		04A518B22CF4778200365D71 /* Base */ = {isa = PBXFileReference; lastKnownFileType = file.storyboard; name = Base; path = Base.lproj/Main.storyboard; sourceTree = "<group>"; };
		04A518B42CF4778400365D71 /* Assets.xcassets */ = {isa = PBXFileReference; lastKnownFileType = folder.assetcatalog; path = Assets.xcassets; sourceTree = "<group>"; };
		04A518B72CF4778400365D71 /* Base */ = {isa = PBXFileReference; lastKnownFileType = file.storyboard; name = Base; path = Base.lproj/LaunchScreen.storyboard; sourceTree = "<group>"; };
		04A518B92CF4778400365D71 /* Info.plist */ = {isa = PBXFileReference; lastKnownFileType = text.plist.xml; path = Info.plist; sourceTree = "<group>"; };
		04A518BE2CF4778400365D71 /* FindDifTests.xctest */ = {isa = PBXFileReference; explicitFileType = wrapper.cfbundle; includeInIndex = 0; path = FindDifTests.xctest; sourceTree = BUILT_PRODUCTS_DIR; };
		04A518C22CF4778400365D71 /* FindDifTests.swift */ = {isa = PBXFileReference; lastKnownFileType = sourcecode.swift; path = FindDifTests.swift; sourceTree = "<group>"; };
		04A518C82CF4778400365D71 /* FindDifUITests.xctest */ = {isa = PBXFileReference; explicitFileType = wrapper.cfbundle; includeInIndex = 0; path = FindDifUITests.xctest; sourceTree = BUILT_PRODUCTS_DIR; };
		04A518CC2CF4778400365D71 /* FindDifUITests.swift */ = {isa = PBXFileReference; lastKnownFileType = sourcecode.swift; path = FindDifUITests.swift; sourceTree = "<group>"; };
		04A518CE2CF4778400365D71 /* FindDifUITestsLaunchTests.swift */ = {isa = PBXFileReference; lastKnownFileType = sourcecode.swift; path = FindDifUITestsLaunchTests.swift; sourceTree = "<group>"; };
		04A518DB2CF477B100365D71 /* FirstViewController.swift */ = {isa = PBXFileReference; lastKnownFileType = sourcecode.swift; path = FirstViewController.swift; sourceTree = "<group>"; };
		5EBF329B7CDC76E630F2E157 /* Pods_FindDif.framework */ = {isa = PBXFileReference; explicitFileType = wrapper.framework; includeInIndex = 0; path = Pods_FindDif.framework; sourceTree = BUILT_PRODUCTS_DIR; };
		BEB35C02F6C3C116BC8FDE87 /* Pods-FindDif.debug.xcconfig */ = {isa = PBXFileReference; includeInIndex = 1; lastKnownFileType = text.xcconfig; name = "Pods-FindDif.debug.xcconfig"; path = "Target Support Files/Pods-FindDif/Pods-FindDif.debug.xcconfig"; sourceTree = "<group>"; };
		E507925007A5752311EFE648 /* Pods-FindDif.release.xcconfig */ = {isa = PBXFileReference; includeInIndex = 1; lastKnownFileType = text.xcconfig; name = "Pods-FindDif.release.xcconfig"; path = "Target Support Files/Pods-FindDif/Pods-FindDif.release.xcconfig"; sourceTree = "<group>"; };
/* End PBXFileReference section */

/* Begin PBXFrameworksBuildPhase section */
		04A518A52CF4778100365D71 /* Frameworks */ = {
			isa = PBXFrameworksBuildPhase;
			buildActionMask = 2147483647;
			files = (
				53CC384BE1D958DE24EE8E6F /* Pods_FindDif.framework in Frameworks */,
			);
			runOnlyForDeploymentPostprocessing = 0;
		};
		04A518BB2CF4778400365D71 /* Frameworks */ = {
			isa = PBXFrameworksBuildPhase;
			buildActionMask = 2147483647;
			files = (
			);
			runOnlyForDeploymentPostprocessing = 0;
		};
		04A518C52CF4778400365D71 /* Frameworks */ = {
			isa = PBXFrameworksBuildPhase;
			buildActionMask = 2147483647;
			files = (
			);
			runOnlyForDeploymentPostprocessing = 0;
		};
/* End PBXFrameworksBuildPhase section */

/* Begin PBXGroup section */
		04A5189F2CF4778100365D71 = {
			isa = PBXGroup;
			children = (
				04A518AA2CF4778100365D71 /* FindDif */,
				04A518C12CF4778400365D71 /* FindDifTests */,
				04A518CB2CF4778400365D71 /* FindDifUITests */,
				04A518A92CF4778100365D71 /* Products */,
				EFDCEE26E0300E080ECF4112 /* Pods */,
				5E6E594ADC29D10F3EE6C410 /* Frameworks */,
			);
			sourceTree = "<group>";
		};
		04A518A92CF4778100365D71 /* Products */ = {
			isa = PBXGroup;
			children = (
				04A518A82CF4778100365D71 /* FindDif.app */,
				04A518BE2CF4778400365D71 /* FindDifTests.xctest */,
				04A518C82CF4778400365D71 /* FindDifUITests.xctest */,
			);
			name = Products;
			sourceTree = "<group>";
		};
		04A518AA2CF4778100365D71 /* FindDif */ = {
			isa = PBXGroup;
			children = (
				04A518AB2CF4778100365D71 /* AppDelegate.swift */,
				04A518AD2CF4778200365D71 /* SceneDelegate.swift */,
				04A459602CF57C56006ACC07 /* logo.png */,
				04A4595F2CF57C55006ACC07 /* tu1.png */,
				04A459612CF57C56006ACC07 /* tu2.png */,
				04A518AF2CF4778200365D71 /* ViewController.swift */,
				04A518DB2CF477B100365D71 /* FirstViewController.swift */,
				04A4595B2CF57BE6006ACC07 /* XXXXViewController.swift */,
				04A4595C2CF57BE6006ACC07 /* XXXXViewController.xib */,
				04A518B12CF4778200365D71 /* Main.storyboard */,
				04A518B42CF4778400365D71 /* Assets.xcassets */,
				04A518B62CF4778400365D71 /* LaunchScreen.storyboard */,
				04A518B92CF4778400365D71 /* Info.plist */,
				04A459572CF56D40006ACC07 /* XXXCollectionViewCell.swift */,
				04A459582CF56D40006ACC07 /* XXXCollectionViewCell.xib */,
			);
			path = FindDif;
			sourceTree = "<group>";
		};
		04A518C12CF4778400365D71 /* FindDifTests */ = {
			isa = PBXGroup;
			children = (
				04A518C22CF4778400365D71 /* FindDifTests.swift */,
			);
			path = FindDifTests;
			sourceTree = "<group>";
		};
		04A518CB2CF4778400365D71 /* FindDifUITests */ = {
			isa = PBXGroup;
			children = (
				04A518CC2CF4778400365D71 /* FindDifUITests.swift */,
				04A518CE2CF4778400365D71 /* FindDifUITestsLaunchTests.swift */,
			);
			path = FindDifUITests;
			sourceTree = "<group>";
		};
		5E6E594ADC29D10F3EE6C410 /* Frameworks */ = {
			isa = PBXGroup;
			children = (
				5EBF329B7CDC76E630F2E157 /* Pods_FindDif.framework */,
			);
			name = Frameworks;
			sourceTree = "<group>";
		};
		EFDCEE26E0300E080ECF4112 /* Pods */ = {
			isa = PBXGroup;
			children = (
				BEB35C02F6C3C116BC8FDE87 /* Pods-FindDif.debug.xcconfig */,
				E507925007A5752311EFE648 /* Pods-FindDif.release.xcconfig */,
			);
			path = Pods;
			sourceTree = "<group>";
		};
/* End PBXGroup section */

/* Begin PBXNativeTarget section */
		04A518A72CF4778100365D71 /* FindDif */ = {
			isa = PBXNativeTarget;
			buildConfigurationList = 04A518D22CF4778400365D71 /* Build configuration list for PBXNativeTarget "FindDif" */;
			buildPhases = (
				B8C84C6C9A31EFEF35648056 /* [CP] Check Pods Manifest.lock */,
				04A518A42CF4778100365D71 /* Sources */,
				04A518A52CF4778100365D71 /* Frameworks */,
				04A518A62CF4778100365D71 /* Resources */,
				38F32620FEFFBC6B922F8463 /* [CP] Embed Pods Frameworks */,
			);
			buildRules = (
			);
			dependencies = (
			);
			name = FindDif;
			productName = FindDif;
			productReference = 04A518A82CF4778100365D71 /* FindDif.app */;
			productType = "com.apple.product-type.application";
		};
		04A518BD2CF4778400365D71 /* FindDifTests */ = {
			isa = PBXNativeTarget;
			buildConfigurationList = 04A518D52CF4778400365D71 /* Build configuration list for PBXNativeTarget "FindDifTests" */;
			buildPhases = (
				04A518BA2CF4778400365D71 /* Sources */,
				04A518BB2CF4778400365D71 /* Frameworks */,
				04A518BC2CF4778400365D71 /* Resources */,
			);
			buildRules = (
			);
			dependencies = (
				04A518C02CF4778400365D71 /* PBXTargetDependency */,
			);
			name = FindDifTests;
			productName = FindDifTests;
			productReference = 04A518BE2CF4778400365D71 /* FindDifTests.xctest */;
			productType = "com.apple.product-type.bundle.unit-test";
		};
		04A518C72CF4778400365D71 /* FindDifUITests */ = {
			isa = PBXNativeTarget;
			buildConfigurationList = 04A518D82CF4778400365D71 /* Build configuration list for PBXNativeTarget "FindDifUITests" */;
			buildPhases = (
				04A518C42CF4778400365D71 /* Sources */,
				04A518C52CF4778400365D71 /* Frameworks */,
				04A518C62CF4778400365D71 /* Resources */,
			);
			buildRules = (
			);
			dependencies = (
				04A518CA2CF4778400365D71 /* PBXTargetDependency */,
			);
			name = FindDifUITests;
			productName = FindDifUITests;
			productReference = 04A518C82CF4778400365D71 /* FindDifUITests.xctest */;
			productType = "com.apple.product-type.bundle.ui-testing";
		};
/* End PBXNativeTarget section */

/* Begin PBXProject section */
		04A518A02CF4778100365D71 /* Project object */ = {
			isa = PBXProject;
			attributes = {
				BuildIndependentTargetsInParallel = 1;
				LastSwiftUpdateCheck = 1540;
				LastUpgradeCheck = 1540;
				TargetAttributes = {
					04A518A72CF4778100365D71 = {
						CreatedOnToolsVersion = 15.4;
					};
					04A518BD2CF4778400365D71 = {
						CreatedOnToolsVersion = 15.4;
						TestTargetID = 04A518A72CF4778100365D71;
					};
					04A518C72CF4778400365D71 = {
						CreatedOnToolsVersion = 15.4;
						TestTargetID = 04A518A72CF4778100365D71;
					};
				};
			};
			buildConfigurationList = 04A518A32CF4778100365D71 /* Build configuration list for PBXProject "FindDif" */;
			compatibilityVersion = "Xcode 14.0";
			developmentRegion = en;
			hasScannedForEncodings = 0;
			knownRegions = (
				en,
				Base,
			);
			mainGroup = 04A5189F2CF4778100365D71;
			productRefGroup = 04A518A92CF4778100365D71 /* Products */;
			projectDirPath = "";
			projectRoot = "";
			targets = (
				04A518A72CF4778100365D71 /* FindDif */,
				04A518BD2CF4778400365D71 /* FindDifTests */,
				04A518C72CF4778400365D71 /* FindDifUITests */,
			);
		};
/* End PBXProject section */

/* Begin PBXResourcesBuildPhase section */
		04A518A62CF4778100365D71 /* Resources */ = {
			isa = PBXResourcesBuildPhase;
			buildActionMask = 2147483647;
			files = (
				04A459622CF57C56006ACC07 /* tu1.png in Resources */,
				04A459642CF57C56006ACC07 /* tu2.png in Resources */,
				04A518B52CF4778400365D71 /* Assets.xcassets in Resources */,
				04A459592CF56D40006ACC07 /* XXXCollectionViewCell.xib in Resources */,
				04A518B82CF4778400365D71 /* Base in Resources */,
				04A459632CF57C56006ACC07 /* logo.png in Resources */,
				04A4595E2CF57BE6006ACC07 /* XXXXViewController.xib in Resources */,
				04A518B32CF4778200365D71 /* Base in Resources */,
			);
			runOnlyForDeploymentPostprocessing = 0;
		};
		04A518BC2CF4778400365D71 /* Resources */ = {
			isa = PBXResourcesBuildPhase;
			buildActionMask = 2147483647;
			files = (
			);
			runOnlyForDeploymentPostprocessing = 0;
		};
		04A518C62CF4778400365D71 /* Resources */ = {
			isa = PBXResourcesBuildPhase;
			buildActionMask = 2147483647;
			files = (
			);
			runOnlyForDeploymentPostprocessing = 0;
		};
/* End PBXResourcesBuildPhase section */

/* Begin PBXShellScriptBuildPhase section */
		38F32620FEFFBC6B922F8463 /* [CP] Embed Pods Frameworks */ = {
			isa = PBXShellScriptBuildPhase;
			buildActionMask = 2147483647;
			files = (
			);
			inputFileListPaths = (
				"${PODS_ROOT}/Target Support Files/Pods-FindDif/Pods-FindDif-frameworks-${CONFIGURATION}-input-files.xcfilelist",
			);
			name = "[CP] Embed Pods Frameworks";
			outputFileListPaths = (
				"${PODS_ROOT}/Target Support Files/Pods-FindDif/Pods-FindDif-frameworks-${CONFIGURATION}-output-files.xcfilelist",
			);
			runOnlyForDeploymentPostprocessing = 0;
			shellPath = /bin/sh;
			shellScript = "\"${PODS_ROOT}/Target Support Files/Pods-FindDif/Pods-FindDif-frameworks.sh\"\n";
			showEnvVarsInLog = 0;
		};
		B8C84C6C9A31EFEF35648056 /* [CP] Check Pods Manifest.lock */ = {
			isa = PBXShellScriptBuildPhase;
			buildActionMask = 2147483647;
			files = (
			);
			inputFileListPaths = (
			);
			inputPaths = (
				"${PODS_PODFILE_DIR_PATH}/Podfile.lock",
				"${PODS_ROOT}/Manifest.lock",
			);
			name = "[CP] Check Pods Manifest.lock";
			outputFileListPaths = (
			);
			outputPaths = (
				"$(DERIVED_FILE_DIR)/Pods-FindDif-checkManifestLockResult.txt",
			);
			runOnlyForDeploymentPostprocessing = 0;
			shellPath = /bin/sh;
			shellScript = "diff \"${PODS_PODFILE_DIR_PATH}/Podfile.lock\" \"${PODS_ROOT}/Manifest.lock\" > /dev/null\nif [ $? != 0 ] ; then\n    # print error to STDERR\n    echo \"error: The sandbox is not in sync with the Podfile.lock. Run 'pod install' or update your CocoaPods installation.\" >&2\n    exit 1\nfi\n# This output is used by Xcode 'outputs' to avoid re-running this script phase.\necho \"SUCCESS\" > \"${SCRIPT_OUTPUT_FILE_0}\"\n";
			showEnvVarsInLog = 0;
		};
/* End PBXShellScriptBuildPhase section */

/* Begin PBXSourcesBuildPhase section */
		04A518A42CF4778100365D71 /* Sources */ = {
			isa = PBXSourcesBuildPhase;
			buildActionMask = 2147483647;
			files = (
				04A4595D2CF57BE6006ACC07 /* XXXXViewController.swift in Sources */,
				04A518B02CF4778200365D71 /* ViewController.swift in Sources */,
				04A518AC2CF4778100365D71 /* AppDelegate.swift in Sources */,
				04A518AE2CF4778200365D71 /* SceneDelegate.swift in Sources */,
				04A518DC2CF477B100365D71 /* FirstViewController.swift in Sources */,
				04A4595A2CF56D40006ACC07 /* XXXCollectionViewCell.swift in Sources */,
			);
			runOnlyForDeploymentPostprocessing = 0;
		};
		04A518BA2CF4778400365D71 /* Sources */ = {
			isa = PBXSourcesBuildPhase;
			buildActionMask = 2147483647;
			files = (
				04A518C32CF4778400365D71 /* FindDifTests.swift in Sources */,
			);
			runOnlyForDeploymentPostprocessing = 0;
		};
		04A518C42CF4778400365D71 /* Sources */ = {
			isa = PBXSourcesBuildPhase;
			buildActionMask = 2147483647;
			files = (
				04A518CD2CF4778400365D71 /* FindDifUITests.swift in Sources */,
				04A518CF2CF4778400365D71 /* FindDifUITestsLaunchTests.swift in Sources */,
			);
			runOnlyForDeploymentPostprocessing = 0;
		};
/* End PBXSourcesBuildPhase section */

/* Begin PBXTargetDependency section */
		04A518C02CF4778400365D71 /* PBXTargetDependency */ = {
			isa = PBXTargetDependency;
			target = 04A518A72CF4778100365D71 /* FindDif */;
			targetProxy = 04A518BF2CF4778400365D71 /* PBXContainerItemProxy */;
		};
		04A518CA2CF4778400365D71 /* PBXTargetDependency */ = {
			isa = PBXTargetDependency;
			target = 04A518A72CF4778100365D71 /* FindDif */;
			targetProxy = 04A518C92CF4778400365D71 /* PBXContainerItemProxy */;
		};
/* End PBXTargetDependency section */

/* Begin PBXVariantGroup section */
		04A518B12CF4778200365D71 /* Main.storyboard */ = {
			isa = PBXVariantGroup;
			children = (
				04A518B22CF4778200365D71 /* Base */,
			);
			name = Main.storyboard;
			sourceTree = "<group>";
		};
		04A518B62CF4778400365D71 /* LaunchScreen.storyboard */ = {
			isa = PBXVariantGroup;
			children = (
				04A518B72CF4778400365D71 /* Base */,
			);
			name = LaunchScreen.storyboard;
			sourceTree = "<group>";
		};
/* End PBXVariantGroup section */

/* Begin XCBuildConfiguration section */
		04A518D02CF4778400365D71 /* Debug */ = {
			isa = XCBuildConfiguration;
			buildSettings = {
				ALWAYS_SEARCH_USER_PATHS = NO;
				ASSETCATALOG_COMPILER_GENERATE_SWIFT_ASSET_SYMBOL_EXTENSIONS = YES;
				CLANG_ANALYZER_NONNULL = YES;
				CLANG_ANALYZER_NUMBER_OBJECT_CONVERSION = YES_AGGRESSIVE;
				CLANG_CXX_LANGUAGE_STANDARD = "gnu++20";
				CLANG_ENABLE_MODULES = YES;
				CLANG_ENABLE_OBJC_ARC = YES;
				CLANG_ENABLE_OBJC_WEAK = YES;
				CLANG_WARN_BLOCK_CAPTURE_AUTORELEASING = YES;
				CLANG_WARN_BOOL_CONVERSION = YES;
				CLANG_WARN_COMMA = YES;
				CLANG_WARN_CONSTANT_CONVERSION = YES;
				CLANG_WARN_DEPRECATED_OBJC_IMPLEMENTATIONS = YES;
				CLANG_WARN_DIRECT_OBJC_ISA_USAGE = YES_ERROR;
				CLANG_WARN_DOCUMENTATION_COMMENTS = YES;
				CLANG_WARN_EMPTY_BODY = YES;
				CLANG_WARN_ENUM_CONVERSION = YES;
				CLANG_WARN_INFINITE_RECURSION = YES;
				CLANG_WARN_INT_CONVERSION = YES;
				CLANG_WARN_NON_LITERAL_NULL_CONVERSION = YES;
				CLANG_WARN_OBJC_IMPLICIT_RETAIN_SELF = YES;
				CLANG_WARN_OBJC_LITERAL_CONVERSION = YES;
				CLANG_WARN_OBJC_ROOT_CLASS = YES_ERROR;
				CLANG_WARN_QUOTED_INCLUDE_IN_FRAMEWORK_HEADER = YES;
				CLANG_WARN_RANGE_LOOP_ANALYSIS = YES;
				CLANG_WARN_STRICT_PROTOTYPES = YES;
				CLANG_WARN_SUSPICIOUS_MOVE = YES;
				CLANG_WARN_UNGUARDED_AVAILABILITY = YES_AGGRESSIVE;
				CLANG_WARN_UNREACHABLE_CODE = YES;
				CLANG_WARN__DUPLICATE_METHOD_MATCH = YES;
				COPY_PHASE_STRIP = NO;
				DEBUG_INFORMATION_FORMAT = dwarf;
				ENABLE_STRICT_OBJC_MSGSEND = YES;
				ENABLE_TESTABILITY = YES;
				ENABLE_USER_SCRIPT_SANDBOXING = YES;
				GCC_C_LANGUAGE_STANDARD = gnu17;
				GCC_DYNAMIC_NO_PIC = NO;
				GCC_NO_COMMON_BLOCKS = YES;
				GCC_OPTIMIZATION_LEVEL = 0;
				GCC_PREPROCESSOR_DEFINITIONS = (
					"DEBUG=1",
					"$(inherited)",
				);
				GCC_WARN_64_TO_32_BIT_CONVERSION = YES;
				GCC_WARN_ABOUT_RETURN_TYPE = YES_ERROR;
				GCC_WARN_UNDECLARED_SELECTOR = YES;
				GCC_WARN_UNINITIALIZED_AUTOS = YES_AGGRESSIVE;
				GCC_WARN_UNUSED_FUNCTION = YES;
				GCC_WARN_UNUSED_VARIABLE = YES;
				IPHONEOS_DEPLOYMENT_TARGET = 17.5;
				LOCALIZATION_PREFERS_STRING_CATALOGS = YES;
				MTL_ENABLE_DEBUG_INFO = INCLUDE_SOURCE;
				MTL_FAST_MATH = YES;
				ONLY_ACTIVE_ARCH = YES;
				SDKROOT = iphoneos;
				SWIFT_ACTIVE_COMPILATION_CONDITIONS = "DEBUG $(inherited)";
				SWIFT_OPTIMIZATION_LEVEL = "-Onone";
			};
			name = Debug;
		};
		04A518D12CF4778400365D71 /* Release */ = {
			isa = XCBuildConfiguration;
			buildSettings = {
				ALWAYS_SEARCH_USER_PATHS = NO;
				ASSETCATALOG_COMPILER_GENERATE_SWIFT_ASSET_SYMBOL_EXTENSIONS = YES;
				CLANG_ANALYZER_NONNULL = YES;
				CLANG_ANALYZER_NUMBER_OBJECT_CONVERSION = YES_AGGRESSIVE;
				CLANG_CXX_LANGUAGE_STANDARD = "gnu++20";
				CLANG_ENABLE_MODULES = YES;
				CLANG_ENABLE_OBJC_ARC = YES;
				CLANG_ENABLE_OBJC_WEAK = YES;
				CLANG_WARN_BLOCK_CAPTURE_AUTORELEASING = YES;
				CLANG_WARN_BOOL_CONVERSION = YES;
				CLANG_WARN_COMMA = YES;
				CLANG_WARN_CONSTANT_CONVERSION = YES;
				CLANG_WARN_DEPRECATED_OBJC_IMPLEMENTATIONS = YES;
				CLANG_WARN_DIRECT_OBJC_ISA_USAGE = YES_ERROR;
				CLANG_WARN_DOCUMENTATION_COMMENTS = YES;
				CLANG_WARN_EMPTY_BODY = YES;
				CLANG_WARN_ENUM_CONVERSION = YES;
				CLANG_WARN_INFINITE_RECURSION = YES;
				CLANG_WARN_INT_CONVERSION = YES;
				CLANG_WARN_NON_LITERAL_NULL_CONVERSION = YES;
				CLANG_WARN_OBJC_IMPLICIT_RETAIN_SELF = YES;
				CLANG_WARN_OBJC_LITERAL_CONVERSION = YES;
				CLANG_WARN_OBJC_ROOT_CLASS = YES_ERROR;
				CLANG_WARN_QUOTED_INCLUDE_IN_FRAMEWORK_HEADER = YES;
				CLANG_WARN_RANGE_LOOP_ANALYSIS = YES;
				CLANG_WARN_STRICT_PROTOTYPES = YES;
				CLANG_WARN_SUSPICIOUS_MOVE = YES;
				CLANG_WARN_UNGUARDED_AVAILABILITY = YES_AGGRESSIVE;
				CLANG_WARN_UNREACHABLE_CODE = YES;
				CLANG_WARN__DUPLICATE_METHOD_MATCH = YES;
				COPY_PHASE_STRIP = NO;
				DEBUG_INFORMATION_FORMAT = "dwarf-with-dsym";
				ENABLE_NS_ASSERTIONS = NO;
				ENABLE_STRICT_OBJC_MSGSEND = YES;
				ENABLE_USER_SCRIPT_SANDBOXING = YES;
				GCC_C_LANGUAGE_STANDARD = gnu17;
				GCC_NO_COMMON_BLOCKS = YES;
				GCC_WARN_64_TO_32_BIT_CONVERSION = YES;
				GCC_WARN_ABOUT_RETURN_TYPE = YES_ERROR;
				GCC_WARN_UNDECLARED_SELECTOR = YES;
				GCC_WARN_UNINITIALIZED_AUTOS = YES_AGGRESSIVE;
				GCC_WARN_UNUSED_FUNCTION = YES;
				GCC_WARN_UNUSED_VARIABLE = YES;
				IPHONEOS_DEPLOYMENT_TARGET = 17.5;
				LOCALIZATION_PREFERS_STRING_CATALOGS = YES;
				MTL_ENABLE_DEBUG_INFO = NO;
				MTL_FAST_MATH = YES;
				SDKROOT = iphoneos;
				SWIFT_COMPILATION_MODE = wholemodule;
				VALIDATE_PRODUCT = YES;
			};
			name = Release;
		};
		04A518D32CF4778400365D71 /* Debug */ = {
			isa = XCBuildConfiguration;
			baseConfigurationReference = BEB35C02F6C3C116BC8FDE87 /* Pods-FindDif.debug.xcconfig */;
			buildSettings = {
				ASSETCATALOG_COMPILER_APPICON_NAME = AppIcon;
				ASSETCATALOG_COMPILER_GLOBAL_ACCENT_COLOR_NAME = AccentColor;
				CODE_SIGN_STYLE = Automatic;
				CURRENT_PROJECT_VERSION = 1;
				DEVELOPMENT_TEAM = S477XUK26U;
				ENABLE_USER_SCRIPT_SANDBOXING = NO;
				GENERATE_INFOPLIST_FILE = YES;
				INFOPLIST_FILE = FindDif/Info.plist;
				INFOPLIST_KEY_CFBundleDisplayName = "找不同文字";
				INFOPLIST_KEY_UIApplicationSupportsIndirectInputEvents = YES;
				INFOPLIST_KEY_UILaunchStoryboardName = LaunchScreen;
				INFOPLIST_KEY_UIMainStoryboardFile = Main;
				INFOPLIST_KEY_UISupportedInterfaceOrientations = UIInterfaceOrientationPortrait;
				INFOPLIST_KEY_UISupportedInterfaceOrientations_iPad = "UIInterfaceOrientationLandscapeLeft UIInterfaceOrientationLandscapeRight UIInterfaceOrientationPortrait UIInterfaceOrientationPortraitUpsideDown";
				IPHONEOS_DEPLOYMENT_TARGET = 15.0;
				LD_RUNPATH_SEARCH_PATHS = (
					"$(inherited)",
					"@executable_path/Frameworks",
				);
				MARKETING_VERSION = 1.0;
				PRODUCT_BUNDLE_IDENTIFIER = langtu.FindDif;
				PRODUCT_NAME = "$(TARGET_NAME)";
				SUPPORTED_PLATFORMS = "iphoneos iphonesimulator";
				SUPPORTS_MACCATALYST = NO;
				SWIFT_EMIT_LOC_STRINGS = YES;
				SWIFT_ENABLE_BATCH_MODE = NO;
				SWIFT_VERSION = 5.0;
				TARGETED_DEVICE_FAMILY = 1;
			};
			name = Debug;
		};
		04A518D42CF4778400365D71 /* Release */ = {
			isa = XCBuildConfiguration;
			baseConfigurationReference = E507925007A5752311EFE648 /* Pods-FindDif.release.xcconfig */;
			buildSettings = {
				ASSETCATALOG_COMPILER_APPICON_NAME = AppIcon;
				ASSETCATALOG_COMPILER_GLOBAL_ACCENT_COLOR_NAME = AccentColor;
				CODE_SIGN_STYLE = Automatic;
				CURRENT_PROJECT_VERSION = 1;
				DEVELOPMENT_TEAM = S477XUK26U;
				ENABLE_USER_SCRIPT_SANDBOXING = NO;
				GENERATE_INFOPLIST_FILE = YES;
				INFOPLIST_FILE = FindDif/Info.plist;
				INFOPLIST_KEY_CFBundleDisplayName = "找不同文字";
				INFOPLIST_KEY_UIApplicationSupportsIndirectInputEvents = YES;
				INFOPLIST_KEY_UILaunchStoryboardName = LaunchScreen;
				INFOPLIST_KEY_UIMainStoryboardFile = Main;
				INFOPLIST_KEY_UISupportedInterfaceOrientations = UIInterfaceOrientationPortrait;
				INFOPLIST_KEY_UISupportedInterfaceOrientations_iPad = "UIInterfaceOrientationLandscapeLeft UIInterfaceOrientationLandscapeRight UIInterfaceOrientationPortrait UIInterfaceOrientationPortraitUpsideDown";
				IPHONEOS_DEPLOYMENT_TARGET = 15.0;
				LD_RUNPATH_SEARCH_PATHS = (
					"$(inherited)",
					"@executable_path/Frameworks",
				);
				MARKETING_VERSION = 1.0;
				PRODUCT_BUNDLE_IDENTIFIER = langtu.FindDif;
				PRODUCT_NAME = "$(TARGET_NAME)";
				SUPPORTED_PLATFORMS = "iphoneos iphonesimulator";
				SUPPORTS_MACCATALYST = NO;
				SWIFT_EMIT_LOC_STRINGS = YES;
				SWIFT_ENABLE_BATCH_MODE = NO;
				SWIFT_VERSION = 5.0;
				TARGETED_DEVICE_FAMILY = 1;
			};
			name = Release;
		};
		04A518D62CF4778400365D71 /* Debug */ = {
			isa = XCBuildConfiguration;
			buildSettings = {
				ALWAYS_EMBED_SWIFT_STANDARD_LIBRARIES = YES;
				BUNDLE_LOADER = "$(TEST_HOST)";
				CODE_SIGN_STYLE = Automatic;
				CURRENT_PROJECT_VERSION = 1;
				GENERATE_INFOPLIST_FILE = YES;
				IPHONEOS_DEPLOYMENT_TARGET = 17.5;
				MARKETING_VERSION = 1.0;
				PRODUCT_BUNDLE_IDENTIFIER = langtu.FindDifTests;
				PRODUCT_NAME = "$(TARGET_NAME)";
				SWIFT_EMIT_LOC_STRINGS = NO;
				SWIFT_VERSION = 5.0;
				TARGETED_DEVICE_FAMILY = "1,2";
				TEST_HOST = "$(BUILT_PRODUCTS_DIR)/FindDif.app/$(BUNDLE_EXECUTABLE_FOLDER_PATH)/FindDif";
			};
			name = Debug;
		};
		04A518D72CF4778400365D71 /* Release */ = {
			isa = XCBuildConfiguration;
			buildSettings = {
				ALWAYS_EMBED_SWIFT_STANDARD_LIBRARIES = YES;
				BUNDLE_LOADER = "$(TEST_HOST)";
				CODE_SIGN_STYLE = Automatic;
				CURRENT_PROJECT_VERSION = 1;
				GENERATE_INFOPLIST_FILE = YES;
				IPHONEOS_DEPLOYMENT_TARGET = 17.5;
				MARKETING_VERSION = 1.0;
				PRODUCT_BUNDLE_IDENTIFIER = langtu.FindDifTests;
				PRODUCT_NAME = "$(TARGET_NAME)";
				SWIFT_EMIT_LOC_STRINGS = NO;
				SWIFT_VERSION = 5.0;
				TARGETED_DEVICE_FAMILY = "1,2";
				TEST_HOST = "$(BUILT_PRODUCTS_DIR)/FindDif.app/$(BUNDLE_EXECUTABLE_FOLDER_PATH)/FindDif";
			};
			name = Release;
		};
		04A518D92CF4778400365D71 /* Debug */ = {
			isa = XCBuildConfiguration;
			buildSettings = {
				ALWAYS_EMBED_SWIFT_STANDARD_LIBRARIES = YES;
				CODE_SIGN_STYLE = Automatic;
				CURRENT_PROJECT_VERSION = 1;
				GENERATE_INFOPLIST_FILE = YES;
				MARKETING_VERSION = 1.0;
				PRODUCT_BUNDLE_IDENTIFIER = langtu.FindDifUITests;
				PRODUCT_NAME = "$(TARGET_NAME)";
				SWIFT_EMIT_LOC_STRINGS = NO;
				SWIFT_VERSION = 5.0;
				TARGETED_DEVICE_FAMILY = "1,2";
				TEST_TARGET_NAME = FindDif;
			};
			name = Debug;
		};
		04A518DA2CF4778400365D71 /* Release */ = {
			isa = XCBuildConfiguration;
			buildSettings = {
				ALWAYS_EMBED_SWIFT_STANDARD_LIBRARIES = YES;
				CODE_SIGN_STYLE = Automatic;
				CURRENT_PROJECT_VERSION = 1;
				GENERATE_INFOPLIST_FILE = YES;
				MARKETING_VERSION = 1.0;
				PRODUCT_BUNDLE_IDENTIFIER = langtu.FindDifUITests;
				PRODUCT_NAME = "$(TARGET_NAME)";
				SWIFT_EMIT_LOC_STRINGS = NO;
				SWIFT_VERSION = 5.0;
				TARGETED_DEVICE_FAMILY = "1,2";
				TEST_TARGET_NAME = FindDif;
			};
			name = Release;
		};
/* End XCBuildConfiguration section */

/* Begin XCConfigurationList section */
		04A518A32CF4778100365D71 /* Build configuration list for PBXProject "FindDif" */ = {
			isa = XCConfigurationList;
			buildConfigurations = (
				04A518D02CF4778400365D71 /* Debug */,
				04A518D12CF4778400365D71 /* Release */,
			);
			defaultConfigurationIsVisible = 0;
			defaultConfigurationName = Release;
		};
		04A518D22CF4778400365D71 /* Build configuration list for PBXNativeTarget "FindDif" */ = {
			isa = XCConfigurationList;
			buildConfigurations = (
				04A518D32CF4778400365D71 /* Debug */,
				04A518D42CF4778400365D71 /* Release */,
			);
			defaultConfigurationIsVisible = 0;
			defaultConfigurationName = Release;
		};
		04A518D52CF4778400365D71 /* Build configuration list for PBXNativeTarget "FindDifTests" */ = {
			isa = XCConfigurationList;
			buildConfigurations = (
				04A518D62CF4778400365D71 /* Debug */,
				04A518D72CF4778400365D71 /* Release */,
			);
			defaultConfigurationIsVisible = 0;
			defaultConfigurationName = Release;
		};
		04A518D82CF4778400365D71 /* Build configuration list for PBXNativeTarget "FindDifUITests" */ = {
			isa = XCConfigurationList;
			buildConfigurations = (
				04A518D92CF4778400365D71 /* Debug */,
				04A518DA2CF4778400365D71 /* Release */,
			);
			defaultConfigurationIsVisible = 0;
			defaultConfigurationName = Release;
		};
/* End XCConfigurationList section */
	};
	rootObject = 04A518A02CF4778100365D71 /* Project object */;
}
